
Microsoft Visual Studio Solution File, Format Version 12.00
# Visual Studio 15
VisualStudioVersion = 15.0.27703.2026
MinimumVisualStudioVersion = 10.0.40219.1
Project("{FAE04EC0-301F-11D3-BF4B-00C04F79EFBC}") = "DemoAnimations.Android", "DemoAnimations\DemoAnimations.Android\DemoAnimations.Android.csproj", "{132B4530-4DE8-4073-807D-3280E6231595}"
EndProject
Project("{FAE04EC0-301F-11D3-BF4B-00C04F79EFBC}") = "DemoAnimations.iOS", "DemoAnimations\DemoAnimations.iOS\DemoAnimations.iOS.csproj", "{5C6091E1-B052-4976-96DA-D1B9A9BF4168}"
EndProject
Project("{FAE04EC0-301F-11D3-BF4B-00C04F79EFBC}") = "DemoAnimations", "DemoAnimations\DemoAnimations\DemoAnimations.csproj", "{32FC7C90-F10E-4C93-AB44-21406EB681CE}"
EndProject
Global
	GlobalSection(SolutionConfigurationPlatforms) = preSolution
		Ad-Hoc|Any CPU = Ad-Hoc|Any CPU
		Ad-Hoc|iPhone = Ad-Hoc|iPhone
		Ad-Hoc|iPhoneSimulator = Ad-Hoc|iPhoneSimulator
		AppStore|Any CPU = AppStore|Any CPU
		AppStore|iPhone = AppStore|iPhone
		AppStore|iPhoneSimulator = AppStore|iPhoneSimulator
		Debug|Any CPU = Debug|Any CPU
		Debug|iPhone = Debug|iPhone
		Debug|iPhoneSimulator = Debug|iPhoneSimulator
		Release|Any CPU = Release|Any CPU
		Release|iPhone = Release|iPhone
		Release|iPhoneSimulator = Release|iPhoneSimulator
	EndGlobalSection
	GlobalSection(ProjectConfigurationPlatforms) = postSolution
		{132B4530-4DE8-4073-807D-3280E6231595}.Ad-Hoc|Any CPU.ActiveCfg = Release|Any CPU
		{132B4530-4DE8-4073-807D-3280E6231595}.Ad-Hoc|Any CPU.Build.0 = Release|Any CPU
		{132B4530-4DE8-4073-807D-3280E6231595}.Ad-Hoc|Any CPU.Deploy.0 = Release|Any CPU
		{132B4530-4DE8-4073-807D-3280E6231595}.Ad-Hoc|iPhone.ActiveCfg = Release|Any CPU
		{132B4530-4DE8-4073-807D-3280E6231595}.Ad-Hoc|iPhone.Build.0 = Release|Any CPU
		{132B4530-4DE8-4073-807D-3280E6231595}.Ad-Hoc|iPhone.Deploy.0 = Release|Any CPU
		{132B4530-4DE8-4073-807D-3280E6231595}.Ad-Hoc|iPhoneSimulator.ActiveCfg = Release|Any CPU
		{132B4530-4DE8-4073-807D-3280E6231595}.Ad-Hoc|iPhoneSimulator.Build.0 = Release|Any CPU
		{132B4530-4DE8-4073-807D-3280E6231595}.Ad-Hoc|iPhoneSimulator.Deploy.0 = Release|Any CPU
		{132B4530-4DE8-4073-807D-3280E6231595}.AppStore|Any CPU.ActiveCfg = Release|Any CPU
		{132B4530-4DE8-4073-807D-3280E6231595}.AppStore|Any CPU.Build.0 = Release|Any CPU
		{132B4530-4DE8-4073-807D-3280E6231595}.AppStore|Any CPU.Deploy.0 = Release|Any CPU
		{132B4530-4DE8-4073-807D-3280E6231595}.AppStore|iPhone.ActiveCfg = Release|Any CPU
		{132B4530-4DE8-4073-807D-3280E6231595}.AppStore|iPhone.Build.0 = Release|Any CPU
		{132B4530-4DE8-4073-807D-3280E6231595}.AppStore|iPhone.Deploy.0 = Release|Any CPU
		{132B4530-4DE8-4073-807D-3280E6231595}.AppStore|iPhoneSimulator.ActiveCfg = Release|Any CPU
		{132B4530-4DE8-4073-807D-3280E6231595}.AppStore|iPhoneSimulator.Build.0 = Release|Any CPU
		{132B4530-4DE8-4073-807D-3280E6231595}.AppStore|iPhoneSimulator.Deploy.0 = Release|Any CPU
		{132B4530-4DE8-4073-807D-3280E6231595}.Debug|Any CPU.ActiveCfg = Debug|Any CPU
		{132B4530-4DE8-4073-807D-3280E6231595}.Debug|Any CPU.Build.0 = Debug|Any CPU
		{132B4530-4DE8-4073-807D-3280E6231595}.Debug|Any CPU.Deploy.0 = Debug|Any CPU
		{132B4530-4DE8-4073-807D-3280E6231595}.Debug|iPhone.ActiveCfg = Debug|Any CPU
		{132B4530-4DE8-4073-807D-3280E6231595}.Debug|iPhone.Build.0 = Debug|Any CPU
		{132B4530-4DE8-4073-807D-3280E6231595}.Debug|iPhone.Deploy.0 = Debug|Any CPU
		{132B4530-4DE8-4073-807D-3280E6231595}.Debug|iPhoneSimulator.ActiveCfg = Debug|Any CPU
		{132B4530-4DE8-4073-807D-3280E6231595}.Debug|iPhoneSimulator.Build.0 = Debug|Any CPU
		{132B4530-4DE8-4073-807D-3280E6231595}.Debug|iPhoneSimulator.Deploy.0 = Debug|Any CPU
		{132B4530-4DE8-4073-807D-3280E6231595}.Release|Any CPU.ActiveCfg = Release|Any CPU
		{132B4530-4DE8-4073-807D-3280E6231595}.Release|Any CPU.Build.0 = Release|Any CPU
		{132B4530-4DE8-4073-807D-3280E6231595}.Release|Any CPU.Deploy.0 = Release|Any CPU
		{132B4530-4DE8-4073-807D-3280E6231595}.Release|iPhone.ActiveCfg = Release|Any CPU
		{132B4530-4DE8-4073-807D-3280E6231595}.Release|iPhone.Build.0 = Release|Any CPU
		{132B4530-4DE8-4073-807D-3280E6231595}.Release|iPhone.Deploy.0 = Release|Any CPU
		{132B4530-4DE8-4073-807D-3280E6231595}.Release|iPhoneSimulator.ActiveCfg = Release|Any CPU
		{132B4530-4DE8-4073-807D-3280E6231595}.Release|iPhoneSimulator.Build.0 = Release|Any CPU
		{132B4530-4DE8-4073-807D-3280E6231595}.Release|iPhoneSimulator.Deploy.0 = Release|Any CPU
		{5C6091E1-B052-4976-96DA-D1B9A9BF4168}.Ad-Hoc|Any CPU.ActiveCfg = Ad-Hoc|iPhone
		{5C6091E1-B052-4976-96DA-D1B9A9BF4168}.Ad-Hoc|Any CPU.Build.0 = Ad-Hoc|iPhone
		{5C6091E1-B052-4976-96DA-D1B9A9BF4168}.Ad-Hoc|Any CPU.Deploy.0 = Ad-Hoc|iPhone
		{5C6091E1-B052-4976-96DA-D1B9A9BF4168}.Ad-Hoc|iPhone.ActiveCfg = Ad-Hoc|iPhone
		{5C6091E1-B052-4976-96DA-D1B9A9BF4168}.Ad-Hoc|iPhone.Build.0 = Ad-Hoc|iPhone
		{5C6091E1-B052-4976-96DA-D1B9A9BF4168}.Ad-Hoc|iPhone.Deploy.0 = Ad-Hoc|iPhone
		{5C6091E1-B052-4976-96DA-D1B9A9BF4168}.Ad-Hoc|iPhoneSimulator.ActiveCfg = Ad-Hoc|iPhoneSimulator
		{5C6091E1-B052-4976-96DA-D1B9A9BF4168}.Ad-Hoc|iPhoneSimulator.Build.0 = Ad-Hoc|iPhoneSimulator
		{5C6091E1-B052-4976-96DA-D1B9A9BF4168}.Ad-Hoc|iPhoneSimulator.Deploy.0 = Ad-Hoc|iPhoneSimulator
		{5C6091E1-B052-4976-96DA-D1B9A9BF4168}.AppStore|Any CPU.ActiveCfg = AppStore|iPhone
		{5C6091E1-B052-4976-96DA-D1B9A9BF4168}.AppStore|Any CPU.Build.0 = AppStore|iPhone
		{5C6091E1-B052-4976-96DA-D1B9A9BF4168}.AppStore|Any CPU.Deploy.0 = AppStore|iPhone
		{5C6091E1-B052-4976-96DA-D1B9A9BF4168}.AppStore|iPhone.ActiveCfg = AppStore|iPhone
		{5C6091E1-B052-4976-96DA-D1B9A9BF4168}.AppStore|iPhone.Build.0 = AppStore|iPhone
		{5C6091E1-B052-4976-96DA-D1B9A9BF4168}.AppStore|iPhone.Deploy.0 = AppStore|iPhone
		{5C6091E1-B052-4976-96DA-D1B9A9BF4168}.AppStore|iPhoneSimulator.ActiveCfg = AppStore|iPhoneSimulator
		{5C6091E1-B052-4976-96DA-D1B9A9BF4168}.AppStore|iPhoneSimulator.Build.0 = AppStore|iPhoneSimulator
		{5C6091E1-B052-4976-96DA-D1B9A9BF4168}.AppStore|iPhoneSimulator.Deploy.0 = AppStore|iPhoneSimulator
		{5C6091E1-B052-4976-96DA-D1B9A9BF4168}.Debug|Any CPU.ActiveCfg = Debug|iPhoneSimulator
		{5C6091E1-B052-4976-96DA-D1B9A9BF4168}.Debug|Any CPU.Build.0 = Debug|iPhoneSimulator
		{5C6091E1-B052-4976-96DA-D1B9A9BF4168}.Debug|Any CPU.Deploy.0 = Debug|iPhoneSimulator
		{5C6091E1-B052-4976-96DA-D1B9A9BF4168}.Debug|iPhone.ActiveCfg = Debug|iPhone
		{5C6091E1-B052-4976-96DA-D1B9A9BF4168}.Debug|iPhone.Build.0 = Debug|iPhone
		{5C6091E1-B052-4976-96DA-D1B9A9BF4168}.Debug|iPhone.Deploy.0 = Debug|iPhone
		{5C6091E1-B052-4976-96DA-D1B9A9BF4168}.Debug|iPhoneSimulator.ActiveCfg = Debug|iPhoneSimulator
		{5C6091E1-B052-4976-96DA-D1B9A9BF4168}.Debug|iPhoneSimulator.Build.0 = Debug|iPhoneSimulator
		{5C6091E1-B052-4976-96DA-D1B9A9BF4168}.Debug|iPhoneSimulator.Deploy.0 = Debug|iPhoneSimulator
		{5C6091E1-B052-4976-96DA-D1B9A9BF4168}.Release|Any CPU.ActiveCfg = Release|iPhone
		{5C6091E1-B052-4976-96DA-D1B9A9BF4168}.Release|Any CPU.Build.0 = Release|iPhone
		{5C6091E1-B052-4976-96DA-D1B9A9BF4168}.Release|Any CPU.Deploy.0 = Release|iPhone
		{5C6091E1-B052-4976-96DA-D1B9A9BF4168}.Release|iPhone.ActiveCfg = Release|iPhone
		{5C6091E1-B052-4976-96DA-D1B9A9BF4168}.Release|iPhone.Build.0 = Release|iPhone
		{5C6091E1-B052-4976-96DA-D1B9A9BF4168}.Release|iPhone.Deploy.0 = Release|iPhone
		{5C6091E1-B052-4976-96DA-D1B9A9BF4168}.Release|iPhoneSimulator.ActiveCfg = Release|iPhoneSimulator
		{5C6091E1-B052-4976-96DA-D1B9A9BF4168}.Release|iPhoneSimulator.Build.0 = Release|iPhoneSimulator
		{5C6091E1-B052-4976-96DA-D1B9A9BF4168}.Release|iPhoneSimulator.Deploy.0 = Release|iPhoneSimulator
		{32FC7C90-F10E-4C93-AB44-21406EB681CE}.Ad-Hoc|Any CPU.ActiveCfg = Debug|Any CPU
		{32FC7C90-F10E-4C93-AB44-21406EB681CE}.Ad-Hoc|Any CPU.Build.0 = Debug|Any CPU
		{32FC7C90-F10E-4C93-AB44-21406EB681CE}.Ad-Hoc|Any CPU.Deploy.0 = Debug|Any CPU
		{32FC7C90-F10E-4C93-AB44-21406EB681CE}.Ad-Hoc|iPhone.ActiveCfg = Debug|Any CPU
		{32FC7C90-F10E-4C93-AB44-21406EB681CE}.Ad-Hoc|iPhone.Build.0 = Debug|Any CPU
		{32FC7C90-F10E-4C93-AB44-21406EB681CE}.Ad-Hoc|iPhone.Deploy.0 = Debug|Any CPU
		{32FC7C90-F10E-4C93-AB44-21406EB681CE}.Ad-Hoc|iPhoneSimulator.ActiveCfg = Debug|Any CPU
		{32FC7C90-F10E-4C93-AB44-21406EB681CE}.Ad-Hoc|iPhoneSimulator.Build.0 = Debug|Any CPU
		{32FC7C90-F10E-4C93-AB44-21406EB681CE}.Ad-Hoc|iPhoneSimulator.Deploy.0 = Debug|Any CPU
		{32FC7C90-F10E-4C93-AB44-21406EB681CE}.AppStore|Any CPU.ActiveCfg = Debug|Any CPU
		{32FC7C90-F10E-4C93-AB44-21406EB681CE}.AppStore|Any CPU.Build.0 = Debug|Any CPU
		{32FC7C90-F10E-4C93-AB44-21406EB681CE}.AppStore|Any CPU.Deploy.0 = Debug|Any CPU
		{32FC7C90-F10E-4C93-AB44-21406EB681CE}.AppStore|iPhone.ActiveCfg = Debug|Any CPU
		{32FC7C90-F10E-4C93-AB44-21406EB681CE}.AppStore|iPhone.Build.0 = Debug|Any CPU
		{32FC7C90-F10E-4C93-AB44-21406EB681CE}.AppStore|iPhone.Deploy.0 = Debug|Any CPU
		{32FC7C90-F10E-4C93-AB44-21406EB681CE}.AppStore|iPhoneSimulator.ActiveCfg = Debug|Any CPU
		{32FC7C90-F10E-4C93-AB44-21406EB681CE}.AppStore|iPhoneSimulator.Build.0 = Debug|Any CPU
		{32FC7C90-F10E-4C93-AB44-21406EB681CE}.AppStore|iPhoneSimulator.Deploy.0 = Debug|Any CPU
		{32FC7C90-F10E-4C93-AB44-21406EB681CE}.Debug|Any CPU.ActiveCfg = Debug|Any CPU
		{32FC7C90-F10E-4C93-AB44-21406EB681CE}.Debug|Any CPU.Build.0 = Debug|Any CPU
		{32FC7C90-F10E-4C93-AB44-21406EB681CE}.Debug|Any CPU.Deploy.0 = Debug|Any CPU
		{32FC7C90-F10E-4C93-AB44-21406EB681CE}.Debug|iPhone.ActiveCfg = Debug|Any CPU
		{32FC7C90-F10E-4C93-AB44-21406EB681CE}.Debug|iPhone.Build.0 = Debug|Any CPU
		{32FC7C90-F10E-4C93-AB44-21406EB681CE}.Debug|iPhone.Deploy.0 = Debug|Any CPU
		{32FC7C90-F10E-4C93-AB44-21406EB681CE}.Debug|iPhoneSimulator.ActiveCfg = Debug|Any CPU
		{32FC7C90-F10E-4C93-AB44-21406EB681CE}.Debug|iPhoneSimulator.Build.0 = Debug|Any CPU
		{32FC7C90-F10E-4C93-AB44-21406EB681CE}.Debug|iPhoneSimulator.Deploy.0 = Debug|Any CPU
		{32FC7C90-F10E-4C93-AB44-21406EB681CE}.Release|Any CPU.ActiveCfg = Release|Any CPU
		{32FC7C90-F10E-4C93-AB44-21406EB681CE}.Release|Any CPU.Build.0 = Release|Any CPU
		{32FC7C90-F10E-4C93-AB44-21406EB681CE}.Release|Any CPU.Deploy.0 = Release|Any CPU
		{32FC7C90-F10E-4C93-AB44-21406EB681CE}.Release|iPhone.ActiveCfg = Release|Any CPU
		{32FC7C90-F10E-4C93-AB44-21406EB681CE}.Release|iPhone.Build.0 = Release|Any CPU
		{32FC7C90-F10E-4C93-AB44-21406EB681CE}.Release|iPhone.Deploy.0 = Release|Any CPU
		{32FC7C90-F10E-4C93-AB44-21406EB681CE}.Release|iPhoneSimulator.ActiveCfg = Release|Any CPU
		{32FC7C90-F10E-4C93-AB44-21406EB681CE}.Release|iPhoneSimulator.Build.0 = Release|Any CPU
		{32FC7C90-F10E-4C93-AB44-21406EB681CE}.Release|iPhoneSimulator.Deploy.0 = Release|Any CPU
	EndGlobalSection
	GlobalSection(SolutionProperties) = preSolution
		HideSolutionNode = FALSE
	EndGlobalSection
	GlobalSection(ExtensibilityGlobals) = postSolution
		SolutionGuid = {030526AA-A3EB-4F02-ADBC-6BC4EFE15E1D}
	EndGlobalSection
EndGlobal
